// !$*UTF8*$!
{
	archiveVersion = 1;
	classes = {
	};
	objectVersion = 50;
	objects = {

/* Begin PBXBuildFile section */
		0A35F934252E384A00DE775E /* AppDelegate.swift in Sources */ = {isa = PBXBuildFile; fileRef = 0A35F933252E384A00DE775E /* AppDelegate.swift */; };
		0A35F936252E384A00DE775E /* SceneDelegate.swift in Sources */ = {isa = PBXBuildFile; fileRef = 0A35F935252E384A00DE775E /* SceneDelegate.swift */; };
		0A35F938252E384A00DE775E /* CompaniesController.swift in Sources */ = {isa = PBXBuildFile; fileRef = 0A35F937252E384A00DE775E /* CompaniesController.swift */; };
		0A35F93B252E384A00DE775E /* Main.storyboard in Resources */ = {isa = PBXBuildFile; fileRef = 0A35F939252E384A00DE775E /* Main.storyboard */; };
		0A35F93E252E384A00DE775E /* Companies.xcdatamodeld in Sources */ = {isa = PBXBuildFile; fileRef = 0A35F93C252E384A00DE775E /* Companies.xcdatamodeld */; };
		0A35F940252E384C00DE775E /* Assets.xcassets in Resources */ = {isa = PBXBuildFile; fileRef = 0A35F93F252E384C00DE775E /* Assets.xcassets */; };
		0A35F943252E384C00DE775E /* LaunchScreen.storyboard in Resources */ = {isa = PBXBuildFile; fileRef = 0A35F941252E384C00DE775E /* LaunchScreen.storyboard */; };
		0A847D3A25B5B5BB002CE3C8 /* CustomNavigationController.swift in Sources */ = {isa = PBXBuildFile; fileRef = 0A847D3925B5B5BB002CE3C8 /* CustomNavigationController.swift */; };
		0A847D3E25B5D002002CE3C8 /* UIColor+theme.swift in Sources */ = {isa = PBXBuildFile; fileRef = 0A847D3D25B5D002002CE3C8 /* UIColor+theme.swift */; };
		0A847D4725BDC73E002CE3C8 /* Company.swift in Sources */ = {isa = PBXBuildFile; fileRef = 0A847D4625BDC73E002CE3C8 /* Company.swift */; };
		0A847D4B25BDC9F1002CE3C8 /* CreateCompanyController.swift in Sources */ = {isa = PBXBuildFile; fileRef = 0A847D4A25BDC9F1002CE3C8 /* CreateCompanyController.swift */; };
		0A847D5425BDECFD002CE3C8 /* CoreDataManager.swift in Sources */ = {isa = PBXBuildFile; fileRef = 0A847D5325BDECFD002CE3C8 /* CoreDataManager.swift */; };
		0A847D5825BF502A002CE3C8 /* CompanyCell.swift in Sources */ = {isa = PBXBuildFile; fileRef = 0A847D5725BF502A002CE3C8 /* CompanyCell.swift */; };
		0A847D5E25BF6AFC002CE3C8 /* CompaniesController+CreateCompany.swift in Sources */ = {isa = PBXBuildFile; fileRef = 0A847D5D25BF6AFC002CE3C8 /* CompaniesController+CreateCompany.swift */; };
		0A847D6125BF6C75002CE3C8 /* CompaniesController+UITableView.swift in Sources */ = {isa = PBXBuildFile; fileRef = 0A847D6025BF6C75002CE3C8 /* CompaniesController+UITableView.swift */; };
		0A847D6525C00F9D002CE3C8 /* EmployeesController.swift in Sources */ = {isa = PBXBuildFile; fileRef = 0A847D6425C00F9D002CE3C8 /* EmployeesController.swift */; };
		0A847D6925C01D85002CE3C8 /* UIViewController+Helpers.swift in Sources */ = {isa = PBXBuildFile; fileRef = 0A847D6825C01D85002CE3C8 /* UIViewController+Helpers.swift */; };
		0A847D6C25C01EB2002CE3C8 /* CreateEmployeeController.swift in Sources */ = {isa = PBXBuildFile; fileRef = 0A847D6B25C01EB2002CE3C8 /* CreateEmployeeController.swift */; };
		0A847D7525C0C528002CE3C8 /* EmployeeType.swift in Sources */ = {isa = PBXBuildFile; fileRef = 0A847D7425C0C528002CE3C8 /* EmployeeType.swift */; };
		0A847D7925C2B23A002CE3C8 /* CompaniesAutoUpdateController.swift in Sources */ = {isa = PBXBuildFile; fileRef = 0A847D7825C2B23A002CE3C8 /* CompaniesAutoUpdateController.swift */; };
		0A847D7C25C2C86C002CE3C8 /* Service.swift in Sources */ = {isa = PBXBuildFile; fileRef = 0A847D7B25C2C86C002CE3C8 /* Service.swift */; };
/* End PBXBuildFile section */

/* Begin PBXFileReference section */
		0A35F930252E384A00DE775E /* Companies.app */ = {isa = PBXFileReference; explicitFileType = wrapper.application; includeInIndex = 0; path = Companies.app; sourceTree = BUILT_PRODUCTS_DIR; };
		0A35F933252E384A00DE775E /* AppDelegate.swift */ = {isa = PBXFileReference; lastKnownFileType = sourcecode.swift; path = AppDelegate.swift; sourceTree = "<group>"; };
		0A35F935252E384A00DE775E /* SceneDelegate.swift */ = {isa = PBXFileReference; lastKnownFileType = sourcecode.swift; path = SceneDelegate.swift; sourceTree = "<group>"; };
		0A35F937252E384A00DE775E /* CompaniesController.swift */ = {isa = PBXFileReference; lastKnownFileType = sourcecode.swift; path = CompaniesController.swift; sourceTree = "<group>"; };
		0A35F93A252E384A00DE775E /* Base */ = {isa = PBXFileReference; lastKnownFileType = file.storyboard; name = Base; path = Base.lproj/Main.storyboard; sourceTree = "<group>"; };
		0A35F93D252E384A00DE775E /* Companies.xcdatamodel */ = {isa = PBXFileReference; lastKnownFileType = wrapper.xcdatamodel; path = Companies.xcdatamodel; sourceTree = "<group>"; };
		0A35F93F252E384C00DE775E /* Assets.xcassets */ = {isa = PBXFileReference; lastKnownFileType = folder.assetcatalog; path = Assets.xcassets; sourceTree = "<group>"; };
		0A35F942252E384C00DE775E /* Base */ = {isa = PBXFileReference; lastKnownFileType = file.storyboard; name = Base; path = Base.lproj/LaunchScreen.storyboard; sourceTree = "<group>"; };
		0A35F944252E384C00DE775E /* Info.plist */ = {isa = PBXFileReference; lastKnownFileType = text.plist.xml; path = Info.plist; sourceTree = "<group>"; };
		0A847D3925B5B5BB002CE3C8 /* CustomNavigationController.swift */ = {isa = PBXFileReference; lastKnownFileType = sourcecode.swift; path = CustomNavigationController.swift; sourceTree = "<group>"; };
		0A847D3D25B5D002002CE3C8 /* UIColor+theme.swift */ = {isa = PBXFileReference; lastKnownFileType = sourcecode.swift; path = "UIColor+theme.swift"; sourceTree = "<group>"; };
		0A847D4625BDC73E002CE3C8 /* Company.swift */ = {isa = PBXFileReference; lastKnownFileType = sourcecode.swift; path = Company.swift; sourceTree = "<group>"; };
		0A847D4A25BDC9F1002CE3C8 /* CreateCompanyController.swift */ = {isa = PBXFileReference; lastKnownFileType = sourcecode.swift; path = CreateCompanyController.swift; sourceTree = "<group>"; };
		0A847D5325BDECFD002CE3C8 /* CoreDataManager.swift */ = {isa = PBXFileReference; lastKnownFileType = sourcecode.swift; path = CoreDataManager.swift; sourceTree = "<group>"; };
		0A847D5725BF502A002CE3C8 /* CompanyCell.swift */ = {isa = PBXFileReference; lastKnownFileType = sourcecode.swift; path = CompanyCell.swift; sourceTree = "<group>"; };
		0A847D5D25BF6AFC002CE3C8 /* CompaniesController+CreateCompany.swift */ = {isa = PBXFileReference; lastKnownFileType = sourcecode.swift; path = "CompaniesController+CreateCompany.swift"; sourceTree = "<group>"; };
		0A847D6025BF6C75002CE3C8 /* CompaniesController+UITableView.swift */ = {isa = PBXFileReference; lastKnownFileType = sourcecode.swift; path = "CompaniesController+UITableView.swift"; sourceTree = "<group>"; };
		0A847D6425C00F9D002CE3C8 /* EmployeesController.swift */ = {isa = PBXFileReference; lastKnownFileType = sourcecode.swift; path = EmployeesController.swift; sourceTree = "<group>"; };
		0A847D6825C01D85002CE3C8 /* UIViewController+Helpers.swift */ = {isa = PBXFileReference; lastKnownFileType = sourcecode.swift; path = "UIViewController+Helpers.swift"; sourceTree = "<group>"; };
		0A847D6B25C01EB2002CE3C8 /* CreateEmployeeController.swift */ = {isa = PBXFileReference; lastKnownFileType = sourcecode.swift; path = CreateEmployeeController.swift; sourceTree = "<group>"; };
		0A847D7425C0C528002CE3C8 /* EmployeeType.swift */ = {isa = PBXFileReference; lastKnownFileType = sourcecode.swift; path = EmployeeType.swift; sourceTree = "<group>"; };
		0A847D7825C2B23A002CE3C8 /* CompaniesAutoUpdateController.swift */ = {isa = PBXFileReference; lastKnownFileType = sourcecode.swift; path = CompaniesAutoUpdateController.swift; sourceTree = "<group>"; };
		0A847D7B25C2C86C002CE3C8 /* Service.swift */ = {isa = PBXFileReference; lastKnownFileType = sourcecode.swift; path = Service.swift; sourceTree = "<group>"; };
/* End PBXFileReference section */

/* Begin PBXFrameworksBuildPhase section */
		0A35F92D252E384A00DE775E /* Frameworks */ = {
			isa = PBXFrameworksBuildPhase;
			buildActionMask = 2147483647;
			files = (
			);
			runOnlyForDeploymentPostprocessing = 0;
		};
/* End PBXFrameworksBuildPhase section */

/* Begin PBXGroup section */
		0A35F927252E384A00DE775E = {
			isa = PBXGroup;
			children = (
				0A35F932252E384A00DE775E /* Companies */,
				0A35F931252E384A00DE775E /* Products */,
			);
			sourceTree = "<group>";
		};
		0A35F931252E384A00DE775E /* Products */ = {
			isa = PBXGroup;
			children = (
				0A35F930252E384A00DE775E /* Companies.app */,
			);
			name = Products;
			sourceTree = "<group>";
		};
		0A35F932252E384A00DE775E /* Companies */ = {
			isa = PBXGroup;
			children = (
				0A847D6725C01D6C002CE3C8 /* Helpers */,
				0A847D5A25BF5127002CE3C8 /* Companies */,
				0A35F933252E384A00DE775E /* AppDelegate.swift */,
				0A35F935252E384A00DE775E /* SceneDelegate.swift */,
				0A847D5325BDECFD002CE3C8 /* CoreDataManager.swift */,
				0A847D3925B5B5BB002CE3C8 /* CustomNavigationController.swift */,
				0A35F939252E384A00DE775E /* Main.storyboard */,
				0A35F93F252E384C00DE775E /* Assets.xcassets */,
				0A35F941252E384C00DE775E /* LaunchScreen.storyboard */,
				0A35F944252E384C00DE775E /* Info.plist */,
				0A35F93C252E384A00DE775E /* Companies.xcdatamodeld */,
				0A847D3D25B5D002002CE3C8 /* UIColor+theme.swift */,
				0A847D4625BDC73E002CE3C8 /* Company.swift */,
			);
			path = Companies;
			sourceTree = "<group>";
		};
		0A847D5A25BF5127002CE3C8 /* Companies */ = {
			isa = PBXGroup;
			children = (
				0A847D7025C04895002CE3C8 /* Employees */,
				0A35F937252E384A00DE775E /* CompaniesController.swift */,
				0A847D5725BF502A002CE3C8 /* CompanyCell.swift */,
				0A847D5D25BF6AFC002CE3C8 /* CompaniesController+CreateCompany.swift */,
				0A847D6025BF6C75002CE3C8 /* CompaniesController+UITableView.swift */,
				0A847D4A25BDC9F1002CE3C8 /* CreateCompanyController.swift */,
				0A847D7825C2B23A002CE3C8 /* CompaniesAutoUpdateController.swift */,
				0A847D7B25C2C86C002CE3C8 /* Service.swift */,
			);
			path = Companies;
			sourceTree = "<group>";
		};
		0A847D6725C01D6C002CE3C8 /* Helpers */ = {
			isa = PBXGroup;
			children = (
				0A847D6825C01D85002CE3C8 /* UIViewController+Helpers.swift */,
			);
			path = Helpers;
			sourceTree = "<group>";
		};
		0A847D7025C04895002CE3C8 /* Employees */ = {
			isa = PBXGroup;
			children = (
				0A847D6425C00F9D002CE3C8 /* EmployeesController.swift */,
				0A847D7425C0C528002CE3C8 /* EmployeeType.swift */,
				0A847D6B25C01EB2002CE3C8 /* CreateEmployeeController.swift */,
			);
			path = Employees;
			sourceTree = "<group>";
		};
/* End PBXGroup section */

/* Begin PBXNativeTarget section */
		0A35F92F252E384A00DE775E /* Companies */ = {
			isa = PBXNativeTarget;
			buildConfigurationList = 0A35F947252E384C00DE775E /* Build configuration list for PBXNativeTarget "Companies" */;
			buildPhases = (
				0A35F92C252E384A00DE775E /* Sources */,
				0A35F92D252E384A00DE775E /* Frameworks */,
				0A35F92E252E384A00DE775E /* Resources */,
			);
			buildRules = (
			);
			dependencies = (
			);
			name = Companies;
			productName = Companies;
			productReference = 0A35F930252E384A00DE775E /* Companies.app */;
			productType = "com.apple.product-type.application";
		};
/* End PBXNativeTarget section */

/* Begin PBXProject section */
		0A35F928252E384A00DE775E /* Project object */ = {
			isa = PBXProject;
			attributes = {
				LastSwiftUpdateCheck = 1200;
				LastUpgradeCheck = 1200;
				TargetAttributes = {
					0A35F92F252E384A00DE775E = {
						CreatedOnToolsVersion = 12.0.1;
					};
				};
			};
			buildConfigurationList = 0A35F92B252E384A00DE775E /* Build configuration list for PBXProject "Companies" */;
			compatibilityVersion = "Xcode 9.3";
			developmentRegion = en;
			hasScannedForEncodings = 0;
			knownRegions = (
				en,
				Base,
			);
			mainGroup = 0A35F927252E384A00DE775E;
			productRefGroup = 0A35F931252E384A00DE775E /* Products */;
			projectDirPath = "";
			projectRoot = "";
			targets = (
				0A35F92F252E384A00DE775E /* Companies */,
			);
		};
/* End PBXProject section */

/* Begin PBXResourcesBuildPhase section */
		0A35F92E252E384A00DE775E /* Resources */ = {
			isa = PBXResourcesBuildPhase;
			buildActionMask = 2147483647;
			files = (
				0A35F943252E384C00DE775E /* LaunchScreen.storyboard in Resources */,
				0A35F940252E384C00DE775E /* Assets.xcassets in Resources */,
				0A35F93B252E384A00DE775E /* Main.storyboard in Resources */,
			);
			runOnlyForDeploymentPostprocessing = 0;
		};
/* End PBXResourcesBuildPhase section */

/* Begin PBXSourcesBuildPhase section */
		0A35F92C252E384A00DE775E /* Sources */ = {
			isa = PBXSourcesBuildPhase;
			buildActionMask = 2147483647;
			files = (
				0A847D7925C2B23A002CE3C8 /* CompaniesAutoUpdateController.swift in Sources */,
				0A35F938252E384A00DE775E /* CompaniesController.swift in Sources */,
				0A847D3A25B5B5BB002CE3C8 /* CustomNavigationController.swift in Sources */,
				0A35F93E252E384A00DE775E /* Companies.xcdatamodeld in Sources */,
				0A847D3E25B5D002002CE3C8 /* UIColor+theme.swift in Sources */,
				0A847D7C25C2C86C002CE3C8 /* Service.swift in Sources */,
				0A847D6525C00F9D002CE3C8 /* EmployeesController.swift in Sources */,
				0A847D4725BDC73E002CE3C8 /* Company.swift in Sources */,
				0A847D6925C01D85002CE3C8 /* UIViewController+Helpers.swift in Sources */,
				0A847D6C25C01EB2002CE3C8 /* CreateEmployeeController.swift in Sources */,
				0A847D6125BF6C75002CE3C8 /* CompaniesController+UITableView.swift in Sources */,
				0A847D5825BF502A002CE3C8 /* CompanyCell.swift in Sources */,
				0A35F934252E384A00DE775E /* AppDelegate.swift in Sources */,
				0A847D5E25BF6AFC002CE3C8 /* CompaniesController+CreateCompany.swift in Sources */,
				0A847D5425BDECFD002CE3C8 /* CoreDataManager.swift in Sources */,
				0A35F936252E384A00DE775E /* SceneDelegate.swift in Sources */,
				0A847D4B25BDC9F1002CE3C8 /* CreateCompanyController.swift in Sources */,
				0A847D7525C0C528002CE3C8 /* EmployeeType.swift in Sources */,
			);
			runOnlyForDeploymentPostprocessing = 0;
		};
/* End PBXSourcesBuildPhase section */

/* Begin PBXVariantGroup section */
		0A35F939252E384A00DE775E /* Main.storyboard */ = {
			isa = PBXVariantGroup;
			children = (
				0A35F93A252E384A00DE775E /* Base */,
			);
			name = Main.storyboard;
			sourceTree = "<group>";
		};
		0A35F941252E384C00DE775E /* LaunchScreen.storyboard */ = {
			isa = PBXVariantGroup;
			children = (
				0A35F942252E384C00DE775E /* Base */,
			);
			name = LaunchScreen.storyboard;
			sourceTree = "<group>";
		};
/* End PBXVariantGroup section */

/* Begin XCBuildConfiguration section */
		0A35F945252E384C00DE775E /* Debug */ = {
			isa = XCBuildConfiguration;
			buildSettings = {
				ALWAYS_SEARCH_USER_PATHS = NO;
				CLANG_ANALYZER_NONNULL = YES;
				CLANG_ANALYZER_NUMBER_OBJECT_CONVERSION = YES_AGGRESSIVE;
				CLANG_CXX_LANGUAGE_STANDARD = "gnu++14";
				CLANG_CXX_LIBRARY = "libc++";
				CLANG_ENABLE_MODULES = YES;
				CLANG_ENABLE_OBJC_ARC = YES;
				CLANG_ENABLE_OBJC_WEAK = YES;
				CLANG_WARN_BLOCK_CAPTURE_AUTORELEASING = YES;
				CLANG_WARN_BOOL_CONVERSION = YES;
				CLANG_WARN_COMMA = YES;
				CLANG_WARN_CONSTANT_CONVERSION = YES;
				CLANG_WARN_DEPRECATED_OBJC_IMPLEMENTATIONS = YES;
				CLANG_WARN_DIRECT_OBJC_ISA_USAGE = YES_ERROR;
				CLANG_WARN_DOCUMENTATION_COMMENTS = YES;
				CLANG_WARN_EMPTY_BODY = YES;
				CLANG_WARN_ENUM_CONVERSION = YES;
				CLANG_WARN_INFINITE_RECURSION = YES;
				CLANG_WARN_INT_CONVERSION = YES;
				CLANG_WARN_NON_LITERAL_NULL_CONVERSION = YES;
				CLANG_WARN_OBJC_IMPLICIT_RETAIN_SELF = YES;
				CLANG_WARN_OBJC_LITERAL_CONVERSION = YES;
				CLANG_WARN_OBJC_ROOT_CLASS = YES_ERROR;
				CLANG_WARN_QUOTED_INCLUDE_IN_FRAMEWORK_HEADER = YES;
				CLANG_WARN_RANGE_LOOP_ANALYSIS = YES;
				CLANG_WARN_STRICT_PROTOTYPES = YES;
				CLANG_WARN_SUSPICIOUS_MOVE = YES;
				CLANG_WARN_UNGUARDED_AVAILABILITY = YES_AGGRESSIVE;
				CLANG_WARN_UNREACHABLE_CODE = YES;
				CLANG_WARN__DUPLICATE_METHOD_MATCH = YES;
				COPY_PHASE_STRIP = NO;
				DEBUG_INFORMATION_FORMAT = dwarf;
				ENABLE_STRICT_OBJC_MSGSEND = YES;
				ENABLE_TESTABILITY = YES;
				GCC_C_LANGUAGE_STANDARD = gnu11;
				GCC_DYNAMIC_NO_PIC = NO;
				GCC_NO_COMMON_BLOCKS = YES;
				GCC_OPTIMIZATION_LEVEL = 0;
				GCC_PREPROCESSOR_DEFINITIONS = (
					"DEBUG=1",
					"$(inherited)",
				);
				GCC_WARN_64_TO_32_BIT_CONVERSION = YES;
				GCC_WARN_ABOUT_RETURN_TYPE = YES_ERROR;
				GCC_WARN_UNDECLARED_SELECTOR = YES;
				GCC_WARN_UNINITIALIZED_AUTOS = YES_AGGRESSIVE;
				GCC_WARN_UNUSED_FUNCTION = YES;
				GCC_WARN_UNUSED_VARIABLE = YES;
				IPHONEOS_DEPLOYMENT_TARGET = 14.0;
				MTL_ENABLE_DEBUG_INFO = INCLUDE_SOURCE;
				MTL_FAST_MATH = YES;
				ONLY_ACTIVE_ARCH = YES;
				SDKROOT = iphoneos;
				SWIFT_ACTIVE_COMPILATION_CONDITIONS = DEBUG;
				SWIFT_OPTIMIZATION_LEVEL = "-Onone";
			};
			name = Debug;
		};
		0A35F946252E384C00DE775E /* Release */ = {
			isa = XCBuildConfiguration;
			buildSettings = {
				ALWAYS_SEARCH_USER_PATHS = NO;
				CLANG_ANALYZER_NONNULL = YES;
				CLANG_ANALYZER_NUMBER_OBJECT_CONVERSION = YES_AGGRESSIVE;
				CLANG_CXX_LANGUAGE_STANDARD = "gnu++14";
				CLANG_CXX_LIBRARY = "libc++";
				CLANG_ENABLE_MODULES = YES;
				CLANG_ENABLE_OBJC_ARC = YES;
				CLANG_ENABLE_OBJC_WEAK = YES;
				CLANG_WARN_BLOCK_CAPTURE_AUTORELEASING = YES;
				CLANG_WARN_BOOL_CONVERSION = YES;
				CLANG_WARN_COMMA = YES;
				CLANG_WARN_CONSTANT_CONVERSION = YES;
				CLANG_WARN_DEPRECATED_OBJC_IMPLEMENTATIONS = YES;
				CLANG_WARN_DIRECT_OBJC_ISA_USAGE = YES_ERROR;
				CLANG_WARN_DOCUMENTATION_COMMENTS = YES;
				CLANG_WARN_EMPTY_BODY = YES;
				CLANG_WARN_ENUM_CONVERSION = YES;
				CLANG_WARN_INFINITE_RECURSION = YES;
				CLANG_WARN_INT_CONVERSION = YES;
				CLANG_WARN_NON_LITERAL_NULL_CONVERSION = YES;
				CLANG_WARN_OBJC_IMPLICIT_RETAIN_SELF = YES;
				CLANG_WARN_OBJC_LITERAL_CONVERSION = YES;
				CLANG_WARN_OBJC_ROOT_CLASS = YES_ERROR;
				CLANG_WARN_QUOTED_INCLUDE_IN_FRAMEWORK_HEADER = YES;
				CLANG_WARN_RANGE_LOOP_ANALYSIS = YES;
				CLANG_WARN_STRICT_PROTOTYPES = YES;
				CLANG_WARN_SUSPICIOUS_MOVE = YES;
				CLANG_WARN_UNGUARDED_AVAILABILITY = YES_AGGRESSIVE;
				CLANG_WARN_UNREACHABLE_CODE = YES;
				CLANG_WARN__DUPLICATE_METHOD_MATCH = YES;
				COPY_PHASE_STRIP = NO;
				DEBUG_INFORMATION_FORMAT = "dwarf-with-dsym";
				ENABLE_NS_ASSERTIONS = NO;
				ENABLE_STRICT_OBJC_MSGSEND = YES;
				GCC_C_LANGUAGE_STANDARD = gnu11;
				GCC_NO_COMMON_BLOCKS = YES;
				GCC_WARN_64_TO_32_BIT_CONVERSION = YES;
				GCC_WARN_ABOUT_RETURN_TYPE = YES_ERROR;
				GCC_WARN_UNDECLARED_SELECTOR = YES;
				GCC_WARN_UNINITIALIZED_AUTOS = YES_AGGRESSIVE;
				GCC_WARN_UNUSED_FUNCTION = YES;
				GCC_WARN_UNUSED_VARIABLE = YES;
				IPHONEOS_DEPLOYMENT_TARGET = 14.0;
				MTL_ENABLE_DEBUG_INFO = NO;
				MTL_FAST_MATH = YES;
				SDKROOT = iphoneos;
				SWIFT_COMPILATION_MODE = wholemodule;
				SWIFT_OPTIMIZATION_LEVEL = "-O";
				VALIDATE_PRODUCT = YES;
			};
			name = Release;
		};
		0A35F948252E384C00DE775E /* Debug */ = {
			isa = XCBuildConfiguration;
			buildSettings = {
				ASSETCATALOG_COMPILER_APPICON_NAME = AppIcon;
				ASSETCATALOG_COMPILER_GLOBAL_ACCENT_COLOR_NAME = AccentColor;
				CODE_SIGN_STYLE = Automatic;
				DEVELOPMENT_TEAM = PFY5L55ZF2;
				INFOPLIST_FILE = Companies/Info.plist;
				LD_RUNPATH_SEARCH_PATHS = (
					"$(inherited)",
					"@executable_path/Frameworks",
				);
				PRODUCT_BUNDLE_IDENTIFIER = com.chernovDA.Companies;
				PRODUCT_NAME = "$(TARGET_NAME)";
				SWIFT_VERSION = 5.0;
				TARGETED_DEVICE_FAMILY = "1,2";
			};
			name = Debug;
		};
		0A35F949252E384C00DE775E /* Release */ = {
			isa = XCBuildConfiguration;
			buildSettings = {
				ASSETCATALOG_COMPILER_APPICON_NAME = AppIcon;
				ASSETCATALOG_COMPILER_GLOBAL_ACCENT_COLOR_NAME = AccentColor;
				CODE_SIGN_STYLE = Automatic;
				DEVELOPMENT_TEAM = PFY5L55ZF2;
				INFOPLIST_FILE = Companies/Info.plist;
				LD_RUNPATH_SEARCH_PATHS = (
					"$(inherited)",
					"@executable_path/Frameworks",
				);
				PRODUCT_BUNDLE_IDENTIFIER = com.chernovDA.Companies;
				PRODUCT_NAME = "$(TARGET_NAME)";
				SWIFT_VERSION = 5.0;
				TARGETED_DEVICE_FAMILY = "1,2";
			};
			name = Release;
		};
/* End XCBuildConfiguration section */

/* Begin XCConfigurationList section */
		0A35F92B252E384A00DE775E /* Build configuration list for PBXProject "Companies" */ = {
			isa = XCConfigurationList;
			buildConfigurations = (
				0A35F945252E384C00DE775E /* Debug */,
				0A35F946252E384C00DE775E /* Release */,
			);
			defaultConfigurationIsVisible = 0;
			defaultConfigurationName = Release;
		};
		0A35F947252E384C00DE775E /* Build configuration list for PBXNativeTarget "Companies" */ = {
			isa = XCConfigurationList;
			buildConfigurations = (
				0A35F948252E384C00DE775E /* Debug */,
				0A35F949252E384C00DE775E /* Release */,
			);
			defaultConfigurationIsVisible = 0;
			defaultConfigurationName = Release;
		};
/* End XCConfigurationList section */

/* Begin XCVersionGroup section */
		0A35F93C252E384A00DE775E /* Companies.xcdatamodeld */ = {
			isa = XCVersionGroup;
			children = (
				0A35F93D252E384A00DE775E /* Companies.xcdatamodel */,
			);
			currentVersion = 0A35F93D252E384A00DE775E /* Companies.xcdatamodel */;
			path = Companies.xcdatamodeld;
			sourceTree = "<group>";
			versionGroupType = wrapper.xcdatamodel;
		};
/* End XCVersionGroup section */
	};
	rootObject = 0A35F928252E384A00DE775E /* Project object */;
}
